// !$*UTF8*$!
{
	archiveVersion = 1;
	classes = {
	};
	objectVersion = 50;
	objects = {

/* Begin PBXBuildFile section */
		2730230F250C7C3D008EEAF8 /* AppDelegate.swift in Sources */ = {isa = PBXBuildFile; fileRef = 2730230E250C7C3D008EEAF8 /* AppDelegate.swift */; };
		27302311250C7C3D008EEAF8 /* SceneDelegate.swift in Sources */ = {isa = PBXBuildFile; fileRef = 27302310250C7C3D008EEAF8 /* SceneDelegate.swift */; };
		27302313250C7C3D008EEAF8 /* ViewController.swift in Sources */ = {isa = PBXBuildFile; fileRef = 27302312250C7C3D008EEAF8 /* ViewController.swift */; };
		27302327250C96F6008EEAF8 /* ElevationRequest.swift in Sources */ = {isa = PBXBuildFile; fileRef = 27302323250C96F6008EEAF8 /* ElevationRequest.swift */; };
		27302328250C96F6008EEAF8 /* LocationViewController.swift in Sources */ = {isa = PBXBuildFile; fileRef = 27302324250C96F6008EEAF8 /* LocationViewController.swift */; };
		27302329250C96F6008EEAF8 /* Elevation.swift in Sources */ = {isa = PBXBuildFile; fileRef = 27302325250C96F6008EEAF8 /* Elevation.swift */; };
		2730240A250C9708008EEAF8 /* Disaster.swift in Sources */ = {isa = PBXBuildFile; fileRef = 27302406250C9708008EEAF8 /* Disaster.swift */; };
		2730240B250C9708008EEAF8 /* DisasterViewController.swift in Sources */ = {isa = PBXBuildFile; fileRef = 27302407250C9708008EEAF8 /* DisasterViewController.swift */; };
		2730240C250C9708008EEAF8 /* DisasterRequest.swift in Sources */ = {isa = PBXBuildFile; fileRef = 27302408250C9708008EEAF8 /* DisasterRequest.swift */; };
		2730240D250C9708008EEAF8 /* DisasterDetailViewController.swift in Sources */ = {isa = PBXBuildFile; fileRef = 27302409250C9708008EEAF8 /* DisasterDetailViewController.swift */; };
		2730240F250C9807008EEAF8 /* DisasterInfoViewController.swift in Sources */ = {isa = PBXBuildFile; fileRef = 2730240E250C9807008EEAF8 /* DisasterInfoViewController.swift */; };
		27302411250C9810008EEAF8 /* ScrollViewController.swift in Sources */ = {isa = PBXBuildFile; fileRef = 27302410250C980F008EEAF8 /* ScrollViewController.swift */; };
		2730241A250D1563008EEAF8 /* AboutUsViewController.swift in Sources */ = {isa = PBXBuildFile; fileRef = 27302419250D1562008EEAF8 /* AboutUsViewController.swift */; };
		2730241C250D2957008EEAF8 /* FirstAidViewController.swift in Sources */ = {isa = PBXBuildFile; fileRef = 2730241B250D2956008EEAF8 /* FirstAidViewController.swift */; };
		2730241E250D2985008EEAF8 /* FirstAidInformationViewController.swift in Sources */ = {isa = PBXBuildFile; fileRef = 2730241D250D2985008EEAF8 /* FirstAidInformationViewController.swift */; };
		2730242C250D555E008EEAF8 /* DonationsWebViewController.swift in Sources */ = {isa = PBXBuildFile; fileRef = 2730242A250D555D008EEAF8 /* DonationsWebViewController.swift */; };
		2730242D250D555E008EEAF8 /* DonationsViewController.swift in Sources */ = {isa = PBXBuildFile; fileRef = 2730242B250D555D008EEAF8 /* DonationsViewController.swift */; };
		275DC091250D63240088B65D /* Main.storyboard in Resources */ = {isa = PBXBuildFile; fileRef = 27302314250C7C3D008EEAF8 /* Main.storyboard */; };
		275DC094250D64260088B65D /* Assets.xcassets in Resources */ = {isa = PBXBuildFile; fileRef = 27302317250C7C41008EEAF8 /* Assets.xcassets */; };
		275DC107250D66960088B65D /* OpenSans-Regular.ttf in Resources */ = {isa = PBXBuildFile; fileRef = 275DC0CC250D66710088B65D /* OpenSans-Regular.ttf */; };
		275DC108250D66AE0088B65D /* OpenSans-Bold.ttf in Resources */ = {isa = PBXBuildFile; fileRef = 275DC0C9250D66710088B65D /* OpenSans-Bold.ttf */; };
		275DC109250D66C10088B65D /* Roboto-Bold.ttf in Resources */ = {isa = PBXBuildFile; fileRef = 275DC0D8250D66710088B65D /* Roboto-Bold.ttf */; };
		275DC10A250D66CF0088B65D /* Roboto-Regular.ttf in Resources */ = {isa = PBXBuildFile; fileRef = 275DC0D1250D66710088B65D /* Roboto-Regular.ttf */; };
		275DC10B250D671A0088B65D /* Roboto-Black.ttf in Resources */ = {isa = PBXBuildFile; fileRef = 275DC0DA250D66710088B65D /* Roboto-Black.ttf */; };
		275DC10C250D677B0088B65D /* OpenSans-SemiBold.ttf in Resources */ = {isa = PBXBuildFile; fileRef = 275DC0C4250D66710088B65D /* OpenSans-SemiBold.ttf */; };
/* End PBXBuildFile section */

/* Begin PBXFileReference section */
		2730230B250C7C3D008EEAF8 /* CM Project 2020.app */ = {isa = PBXFileReference; explicitFileType = wrapper.application; includeInIndex = 0; path = "CM Project 2020.app"; sourceTree = BUILT_PRODUCTS_DIR; };
		2730230E250C7C3D008EEAF8 /* AppDelegate.swift */ = {isa = PBXFileReference; lastKnownFileType = sourcecode.swift; path = AppDelegate.swift; sourceTree = "<group>"; };
		27302310250C7C3D008EEAF8 /* SceneDelegate.swift */ = {isa = PBXFileReference; lastKnownFileType = sourcecode.swift; path = SceneDelegate.swift; sourceTree = "<group>"; };
		27302312250C7C3D008EEAF8 /* ViewController.swift */ = {isa = PBXFileReference; lastKnownFileType = sourcecode.swift; path = ViewController.swift; sourceTree = "<group>"; };
		27302315250C7C3D008EEAF8 /* Base */ = {isa = PBXFileReference; lastKnownFileType = file.storyboard; name = Base; path = Base.lproj/Main.storyboard; sourceTree = "<group>"; };
		27302317250C7C41008EEAF8 /* Assets.xcassets */ = {isa = PBXFileReference; lastKnownFileType = folder.assetcatalog; path = Assets.xcassets; sourceTree = "<group>"; };
		2730231A250C7C41008EEAF8 /* Base */ = {isa = PBXFileReference; lastKnownFileType = file.storyboard; name = Base; path = Base.lproj/LaunchScreen.storyboard; sourceTree = "<group>"; };
		2730231C250C7C41008EEAF8 /* Info.plist */ = {isa = PBXFileReference; lastKnownFileType = text.plist.xml; path = Info.plist; sourceTree = "<group>"; };
		27302323250C96F6008EEAF8 /* ElevationRequest.swift */ = {isa = PBXFileReference; fileEncoding = 4; lastKnownFileType = sourcecode.swift; path = ElevationRequest.swift; sourceTree = "<group>"; };
		27302324250C96F6008EEAF8 /* LocationViewController.swift */ = {isa = PBXFileReference; fileEncoding = 4; lastKnownFileType = sourcecode.swift; path = LocationViewController.swift; sourceTree = "<group>"; };
		27302325250C96F6008EEAF8 /* Elevation.swift */ = {isa = PBXFileReference; fileEncoding = 4; lastKnownFileType = sourcecode.swift; path = Elevation.swift; sourceTree = "<group>"; };
		27302406250C9708008EEAF8 /* Disaster.swift */ = {isa = PBXFileReference; fileEncoding = 4; lastKnownFileType = sourcecode.swift; path = Disaster.swift; sourceTree = "<group>"; };
		27302407250C9708008EEAF8 /* DisasterViewController.swift */ = {isa = PBXFileReference; fileEncoding = 4; lastKnownFileType = sourcecode.swift; path = DisasterViewController.swift; sourceTree = "<group>"; };
		27302408250C9708008EEAF8 /* DisasterRequest.swift */ = {isa = PBXFileReference; fileEncoding = 4; lastKnownFileType = sourcecode.swift; path = DisasterRequest.swift; sourceTree = "<group>"; };
		27302409250C9708008EEAF8 /* DisasterDetailViewController.swift */ = {isa = PBXFileReference; fileEncoding = 4; lastKnownFileType = sourcecode.swift; path = DisasterDetailViewController.swift; sourceTree = "<group>"; };
		2730240E250C9807008EEAF8 /* DisasterInfoViewController.swift */ = {isa = PBXFileReference; fileEncoding = 4; lastKnownFileType = sourcecode.swift; path = DisasterInfoViewController.swift; sourceTree = "<group>"; };
		27302410250C980F008EEAF8 /* ScrollViewController.swift */ = {isa = PBXFileReference; fileEncoding = 4; lastKnownFileType = sourcecode.swift; path = ScrollViewController.swift; sourceTree = "<group>"; };
		27302419250D1562008EEAF8 /* AboutUsViewController.swift */ = {isa = PBXFileReference; lastKnownFileType = sourcecode.swift; path = AboutUsViewController.swift; sourceTree = "<group>"; };
		2730241B250D2956008EEAF8 /* FirstAidViewController.swift */ = {isa = PBXFileReference; lastKnownFileType = sourcecode.swift; path = FirstAidViewController.swift; sourceTree = "<group>"; };
		2730241D250D2985008EEAF8 /* FirstAidInformationViewController.swift */ = {isa = PBXFileReference; lastKnownFileType = sourcecode.swift; path = FirstAidInformationViewController.swift; sourceTree = "<group>"; };
		2730242A250D555D008EEAF8 /* DonationsWebViewController.swift */ = {isa = PBXFileReference; fileEncoding = 4; lastKnownFileType = sourcecode.swift; path = DonationsWebViewController.swift; sourceTree = "<group>"; };
		2730242B250D555D008EEAF8 /* DonationsViewController.swift */ = {isa = PBXFileReference; fileEncoding = 4; lastKnownFileType = sourcecode.swift; path = DonationsViewController.swift; sourceTree = "<group>"; };
		275DC0C4250D66710088B65D /* OpenSans-SemiBold.ttf */ = {isa = PBXFileReference; lastKnownFileType = file; path = "OpenSans-SemiBold.ttf"; sourceTree = "<group>"; };
		275DC0C5250D66710088B65D /* OpenSans-Light.ttf */ = {isa = PBXFileReference; lastKnownFileType = file; path = "OpenSans-Light.ttf"; sourceTree = "<group>"; };
		275DC0C6250D66710088B65D /* OpenSans-Italic.ttf */ = {isa = PBXFileReference; lastKnownFileType = file; path = "OpenSans-Italic.ttf"; sourceTree = "<group>"; };
		275DC0C7250D66710088B65D /* OpenSans-ExtraBold.ttf */ = {isa = PBXFileReference; lastKnownFileType = file; path = "OpenSans-ExtraBold.ttf"; sourceTree = "<group>"; };
		275DC0C8250D66710088B65D /* OpenSans-LightItalic.ttf */ = {isa = PBXFileReference; lastKnownFileType = file; path = "OpenSans-LightItalic.ttf"; sourceTree = "<group>"; };
		275DC0C9250D66710088B65D /* OpenSans-Bold.ttf */ = {isa = PBXFileReference; lastKnownFileType = file; path = "OpenSans-Bold.ttf"; sourceTree = "<group>"; };
		275DC0CA250D66710088B65D /* OpenSans-SemiBoldItalic.ttf */ = {isa = PBXFileReference; lastKnownFileType = file; path = "OpenSans-SemiBoldItalic.ttf"; sourceTree = "<group>"; };
		275DC0CB250D66710088B65D /* OpenSans-ExtraBoldItalic.ttf */ = {isa = PBXFileReference; lastKnownFileType = file; path = "OpenSans-ExtraBoldItalic.ttf"; sourceTree = "<group>"; };
		275DC0CC250D66710088B65D /* OpenSans-Regular.ttf */ = {isa = PBXFileReference; lastKnownFileType = file; path = "OpenSans-Regular.ttf"; sourceTree = "<group>"; };
		275DC0CD250D66710088B65D /* OpenSans-BoldItalic.ttf */ = {isa = PBXFileReference; lastKnownFileType = file; path = "OpenSans-BoldItalic.ttf"; sourceTree = "<group>"; };
		275DC0CF250D66710088B65D /* Roboto-Medium.ttf */ = {isa = PBXFileReference; lastKnownFileType = file; path = "Roboto-Medium.ttf"; sourceTree = "<group>"; };
		275DC0D0250D66710088B65D /* Roboto-Light.ttf */ = {isa = PBXFileReference; lastKnownFileType = file; path = "Roboto-Light.ttf"; sourceTree = "<group>"; };
		275DC0D1250D66710088B65D /* Roboto-Regular.ttf */ = {isa = PBXFileReference; lastKnownFileType = file; path = "Roboto-Regular.ttf"; sourceTree = "<group>"; };
		275DC0D2250D66710088B65D /* Roboto-MediumItalic.ttf */ = {isa = PBXFileReference; lastKnownFileType = file; path = "Roboto-MediumItalic.ttf"; sourceTree = "<group>"; };
		275DC0D3250D66710088B65D /* Roboto-ThinItalic.ttf */ = {isa = PBXFileReference; lastKnownFileType = file; path = "Roboto-ThinItalic.ttf"; sourceTree = "<group>"; };
		275DC0D4250D66710088B65D /* Roboto-BoldItalic.ttf */ = {isa = PBXFileReference; lastKnownFileType = file; path = "Roboto-BoldItalic.ttf"; sourceTree = "<group>"; };
		275DC0D5250D66710088B65D /* Roboto-LightItalic.ttf */ = {isa = PBXFileReference; lastKnownFileType = file; path = "Roboto-LightItalic.ttf"; sourceTree = "<group>"; };
		275DC0D6250D66710088B65D /* Roboto-Italic.ttf */ = {isa = PBXFileReference; lastKnownFileType = file; path = "Roboto-Italic.ttf"; sourceTree = "<group>"; };
		275DC0D7250D66710088B65D /* Roboto-BlackItalic.ttf */ = {isa = PBXFileReference; lastKnownFileType = file; path = "Roboto-BlackItalic.ttf"; sourceTree = "<group>"; };
		275DC0D8250D66710088B65D /* Roboto-Bold.ttf */ = {isa = PBXFileReference; lastKnownFileType = file; path = "Roboto-Bold.ttf"; sourceTree = "<group>"; };
		275DC0D9250D66710088B65D /* Roboto-Thin.ttf */ = {isa = PBXFileReference; lastKnownFileType = file; path = "Roboto-Thin.ttf"; sourceTree = "<group>"; };
		275DC0DA250D66710088B65D /* Roboto-Black.ttf */ = {isa = PBXFileReference; lastKnownFileType = file; path = "Roboto-Black.ttf"; sourceTree = "<group>"; };
/* End PBXFileReference section */

/* Begin PBXFrameworksBuildPhase section */
		27302308250C7C3D008EEAF8 /* Frameworks */ = {
			isa = PBXFrameworksBuildPhase;
			buildActionMask = 2147483647;
			files = (
			);
			runOnlyForDeploymentPostprocessing = 0;
		};
/* End PBXFrameworksBuildPhase section */

/* Begin PBXGroup section */
		27302302250C7C3D008EEAF8 = {
			isa = PBXGroup;
			children = (
				2730230D250C7C3D008EEAF8 /* CM Project 2020 */,
				2730230C250C7C3D008EEAF8 /* Products */,
			);
			sourceTree = "<group>";
		};
		2730230C250C7C3D008EEAF8 /* Products */ = {
			isa = PBXGroup;
			children = (
				2730230B250C7C3D008EEAF8 /* CM Project 2020.app */,
			);
			name = Products;
			sourceTree = "<group>";
		};
		2730230D250C7C3D008EEAF8 /* CM Project 2020 */ = {
			isa = PBXGroup;
			children = (
				275DC10D250D6EAF0088B65D /* View Controllers */,
				2730230E250C7C3D008EEAF8 /* AppDelegate.swift */,
				27302310250C7C3D008EEAF8 /* SceneDelegate.swift */,
				275DC09D250D66710088B65D /* Resources */,
				27302314250C7C3D008EEAF8 /* Main.storyboard */,
				27302317250C7C41008EEAF8 /* Assets.xcassets */,
				27302319250C7C41008EEAF8 /* LaunchScreen.storyboard */,
				2730231C250C7C41008EEAF8 /* Info.plist */,
			);
			path = "CM Project 2020";
			sourceTree = "<group>";
		};
		27302322250C96F6008EEAF8 /* Location View Controllers */ = {
			isa = PBXGroup;
			children = (
				27302324250C96F6008EEAF8 /* LocationViewController.swift */,
				27302325250C96F6008EEAF8 /* Elevation.swift */,
				27302323250C96F6008EEAF8 /* ElevationRequest.swift */,
			);
			path = "Location View Controllers";
			sourceTree = "<group>";
		};
		27302405250C9708008EEAF8 /* Disaster View Controller */ = {
			isa = PBXGroup;
			children = (
				27302407250C9708008EEAF8 /* DisasterViewController.swift */,
				27302409250C9708008EEAF8 /* DisasterDetailViewController.swift */,
				27302406250C9708008EEAF8 /* Disaster.swift */,
				27302408250C9708008EEAF8 /* DisasterRequest.swift */,
			);
			path = "Disaster View Controller";
			sourceTree = "<group>";
		};
		27302421250D536B008EEAF8 /* Main Page View Controllers */ = {
			isa = PBXGroup;
			children = (
				2730240E250C9807008EEAF8 /* DisasterInfoViewController.swift */,
				27302410250C980F008EEAF8 /* ScrollViewController.swift */,
				27302312250C7C3D008EEAF8 /* ViewController.swift */,
			);
			path = "Main Page View Controllers";
			sourceTree = "<group>";
		};
		27302422250D538F008EEAF8 /* First Aid View Controllers */ = {
			isa = PBXGroup;
			children = (
				2730241B250D2956008EEAF8 /* FirstAidViewController.swift */,
				2730241D250D2985008EEAF8 /* FirstAidInformationViewController.swift */,
			);
			path = "First Aid View Controllers";
			sourceTree = "<group>";
		};
		27302429250D555D008EEAF8 /* Donation View Controllers */ = {
			isa = PBXGroup;
			children = (
				2730242A250D555D008EEAF8 /* DonationsWebViewController.swift */,
				2730242B250D555D008EEAF8 /* DonationsViewController.swift */,
			);
			path = "Donation View Controllers";
			sourceTree = "<group>";
		};
		275DC09D250D66710088B65D /* Resources */ = {
			isa = PBXGroup;
			children = (
				275DC0C3250D66710088B65D /* Open_Sans */,
				275DC0CE250D66710088B65D /* Roboto */,
			);
			path = Resources;
			sourceTree = "<group>";
		};
		275DC0C3250D66710088B65D /* Open_Sans */ = {
			isa = PBXGroup;
			children = (
				275DC0C4250D66710088B65D /* OpenSans-SemiBold.ttf */,
				275DC0C5250D66710088B65D /* OpenSans-Light.ttf */,
				275DC0C6250D66710088B65D /* OpenSans-Italic.ttf */,
				275DC0C7250D66710088B65D /* OpenSans-ExtraBold.ttf */,
				275DC0C8250D66710088B65D /* OpenSans-LightItalic.ttf */,
				275DC0C9250D66710088B65D /* OpenSans-Bold.ttf */,
				275DC0CA250D66710088B65D /* OpenSans-SemiBoldItalic.ttf */,
				275DC0CB250D66710088B65D /* OpenSans-ExtraBoldItalic.ttf */,
				275DC0CC250D66710088B65D /* OpenSans-Regular.ttf */,
				275DC0CD250D66710088B65D /* OpenSans-BoldItalic.ttf */,
			);
			path = Open_Sans;
			sourceTree = "<group>";
		};
		275DC0CE250D66710088B65D /* Roboto */ = {
			isa = PBXGroup;
			children = (
				275DC0CF250D66710088B65D /* Roboto-Medium.ttf */,
				275DC0D0250D66710088B65D /* Roboto-Light.ttf */,
				275DC0D1250D66710088B65D /* Roboto-Regular.ttf */,
				275DC0D2250D66710088B65D /* Roboto-MediumItalic.ttf */,
				275DC0D3250D66710088B65D /* Roboto-ThinItalic.ttf */,
				275DC0D4250D66710088B65D /* Roboto-BoldItalic.ttf */,
				275DC0D5250D66710088B65D /* Roboto-LightItalic.ttf */,
				275DC0D6250D66710088B65D /* Roboto-Italic.ttf */,
				275DC0D7250D66710088B65D /* Roboto-BlackItalic.ttf */,
				275DC0D8250D66710088B65D /* Roboto-Bold.ttf */,
				275DC0D9250D66710088B65D /* Roboto-Thin.ttf */,
				275DC0DA250D66710088B65D /* Roboto-Black.ttf */,
			);
			path = Roboto;
			sourceTree = "<group>";
		};
		275DC10D250D6EAF0088B65D /* View Controllers */ = {
			isa = PBXGroup;
			children = (
				27302419250D1562008EEAF8 /* AboutUsViewController.swift */,
				27302322250C96F6008EEAF8 /* Location View Controllers */,
				27302405250C9708008EEAF8 /* Disaster View Controller */,
				27302421250D536B008EEAF8 /* Main Page View Controllers */,
				27302422250D538F008EEAF8 /* First Aid View Controllers */,
				27302429250D555D008EEAF8 /* Donation View Controllers */,
			);
			path = "View Controllers";
			sourceTree = "<group>";
		};
/* End PBXGroup section */

/* Begin PBXNativeTarget section */
		2730230A250C7C3D008EEAF8 /* CM Project 2020 */ = {
			isa = PBXNativeTarget;
			buildConfigurationList = 2730231F250C7C41008EEAF8 /* Build configuration list for PBXNativeTarget "CM Project 2020" */;
			buildPhases = (
				27302307250C7C3D008EEAF8 /* Sources */,
				27302308250C7C3D008EEAF8 /* Frameworks */,
				27302309250C7C3D008EEAF8 /* Resources */,
			);
			buildRules = (
			);
			dependencies = (
			);
			name = "CM Project 2020";
			productName = "CM Project 2020";
			productReference = 2730230B250C7C3D008EEAF8 /* CM Project 2020.app */;
			productType = "com.apple.product-type.application";
		};
/* End PBXNativeTarget section */

/* Begin PBXProject section */
		27302303250C7C3D008EEAF8 /* Project object */ = {
			isa = PBXProject;
			attributes = {
				LastSwiftUpdateCheck = 1170;
				LastUpgradeCheck = 1170;
				ORGANIZATIONNAME = "Jia Yu";
				TargetAttributes = {
					2730230A250C7C3D008EEAF8 = {
						CreatedOnToolsVersion = 11.7;
					};
				};
			};
			buildConfigurationList = 27302306250C7C3D008EEAF8 /* Build configuration list for PBXProject "CM Project 2020" */;
			compatibilityVersion = "Xcode 9.3";
			developmentRegion = en;
			hasScannedForEncodings = 0;
			knownRegions = (
				en,
				Base,
			);
			mainGroup = 27302302250C7C3D008EEAF8;
			productRefGroup = 2730230C250C7C3D008EEAF8 /* Products */;
			projectDirPath = "";
			projectRoot = "";
			targets = (
				2730230A250C7C3D008EEAF8 /* CM Project 2020 */,
			);
		};
/* End PBXProject section */

/* Begin PBXResourcesBuildPhase section */
		27302309250C7C3D008EEAF8 /* Resources */ = {
			isa = PBXResourcesBuildPhase;
			buildActionMask = 2147483647;
			files = (
				275DC10C250D677B0088B65D /* OpenSans-SemiBold.ttf in Resources */,
				275DC10B250D671A0088B65D /* Roboto-Black.ttf in Resources */,
				275DC10A250D66CF0088B65D /* Roboto-Regular.ttf in Resources */,
				275DC109250D66C10088B65D /* Roboto-Bold.ttf in Resources */,
				275DC108250D66AE0088B65D /* OpenSans-Bold.ttf in Resources */,
				275DC107250D66960088B65D /* OpenSans-Regular.ttf in Resources */,
				275DC094250D64260088B65D /* Assets.xcassets in Resources */,
				275DC091250D63240088B65D /* Main.storyboard in Resources */,
			);
			runOnlyForDeploymentPostprocessing = 0;
		};
/* End PBXResourcesBuildPhase section */

/* Begin PBXSourcesBuildPhase section */
		27302307250C7C3D008EEAF8 /* Sources */ = {
			isa = PBXSourcesBuildPhase;
			buildActionMask = 2147483647;
			files = (
				2730240A250C9708008EEAF8 /* Disaster.swift in Sources */,
				27302328250C96F6008EEAF8 /* LocationViewController.swift in Sources */,
				2730242C250D555E008EEAF8 /* DonationsWebViewController.swift in Sources */,
				27302313250C7C3D008EEAF8 /* ViewController.swift in Sources */,
				27302327250C96F6008EEAF8 /* ElevationRequest.swift in Sources */,
				2730240C250C9708008EEAF8 /* DisasterRequest.swift in Sources */,
				2730240D250C9708008EEAF8 /* DisasterDetailViewController.swift in Sources */,
				2730241A250D1563008EEAF8 /* AboutUsViewController.swift in Sources */,
				27302411250C9810008EEAF8 /* ScrollViewController.swift in Sources */,
				2730240B250C9708008EEAF8 /* DisasterViewController.swift in Sources */,
				2730241C250D2957008EEAF8 /* FirstAidViewController.swift in Sources */,
				2730242D250D555E008EEAF8 /* DonationsViewController.swift in Sources */,
				27302329250C96F6008EEAF8 /* Elevation.swift in Sources */,
				2730230F250C7C3D008EEAF8 /* AppDelegate.swift in Sources */,
				2730240F250C9807008EEAF8 /* DisasterInfoViewController.swift in Sources */,
				27302311250C7C3D008EEAF8 /* SceneDelegate.swift in Sources */,
				2730241E250D2985008EEAF8 /* FirstAidInformationViewController.swift in Sources */,
			);
			runOnlyForDeploymentPostprocessing = 0;
		};
/* End PBXSourcesBuildPhase section */

/* Begin PBXVariantGroup section */
		27302314250C7C3D008EEAF8 /* Main.storyboard */ = {
			isa = PBXVariantGroup;
			children = (
				27302315250C7C3D008EEAF8 /* Base */,
			);
			name = Main.storyboard;
			sourceTree = "<group>";
		};
		27302319250C7C41008EEAF8 /* LaunchScreen.storyboard */ = {
			isa = PBXVariantGroup;
			children = (
				2730231A250C7C41008EEAF8 /* Base */,
			);
			name = LaunchScreen.storyboard;
			sourceTree = "<group>";
		};
/* End PBXVariantGroup section */

/* Begin XCBuildConfiguration section */
		2730231D250C7C41008EEAF8 /* Debug */ = {
			isa = XCBuildConfiguration;
			buildSettings = {
				ALWAYS_SEARCH_USER_PATHS = NO;
				CLANG_ANALYZER_NONNULL = YES;
				CLANG_ANALYZER_NUMBER_OBJECT_CONVERSION = YES_AGGRESSIVE;
				CLANG_CXX_LANGUAGE_STANDARD = "gnu++14";
				CLANG_CXX_LIBRARY = "libc++";
				CLANG_ENABLE_MODULES = YES;
				CLANG_ENABLE_OBJC_ARC = YES;
				CLANG_ENABLE_OBJC_WEAK = YES;
				CLANG_WARN_BLOCK_CAPTURE_AUTORELEASING = YES;
				CLANG_WARN_BOOL_CONVERSION = YES;
				CLANG_WARN_COMMA = YES;
				CLANG_WARN_CONSTANT_CONVERSION = YES;
				CLANG_WARN_DEPRECATED_OBJC_IMPLEMENTATIONS = YES;
				CLANG_WARN_DIRECT_OBJC_ISA_USAGE = YES_ERROR;
				CLANG_WARN_DOCUMENTATION_COMMENTS = YES;
				CLANG_WARN_EMPTY_BODY = YES;
				CLANG_WARN_ENUM_CONVERSION = YES;
				CLANG_WARN_INFINITE_RECURSION = YES;
				CLANG_WARN_INT_CONVERSION = YES;
				CLANG_WARN_NON_LITERAL_NULL_CONVERSION = YES;
				CLANG_WARN_OBJC_IMPLICIT_RETAIN_SELF = YES;
				CLANG_WARN_OBJC_LITERAL_CONVERSION = YES;
				CLANG_WARN_OBJC_ROOT_CLASS = YES_ERROR;
				CLANG_WARN_RANGE_LOOP_ANALYSIS = YES;
				CLANG_WARN_STRICT_PROTOTYPES = YES;
				CLANG_WARN_SUSPICIOUS_MOVE = YES;
				CLANG_WARN_UNGUARDED_AVAILABILITY = YES_AGGRESSIVE;
				CLANG_WARN_UNREACHABLE_CODE = YES;
				CLANG_WARN__DUPLICATE_METHOD_MATCH = YES;
				COPY_PHASE_STRIP = NO;
				DEBUG_INFORMATION_FORMAT = dwarf;
				ENABLE_STRICT_OBJC_MSGSEND = YES;
				ENABLE_TESTABILITY = YES;
				GCC_C_LANGUAGE_STANDARD = gnu11;
				GCC_DYNAMIC_NO_PIC = NO;
				GCC_NO_COMMON_BLOCKS = YES;
				GCC_OPTIMIZATION_LEVEL = 0;
				GCC_PREPROCESSOR_DEFINITIONS = (
					"DEBUG=1",
					"$(inherited)",
				);
				GCC_WARN_64_TO_32_BIT_CONVERSION = YES;
				GCC_WARN_ABOUT_RETURN_TYPE = YES_ERROR;
				GCC_WARN_UNDECLARED_SELECTOR = YES;
				GCC_WARN_UNINITIALIZED_AUTOS = YES_AGGRESSIVE;
				GCC_WARN_UNUSED_FUNCTION = YES;
				GCC_WARN_UNUSED_VARIABLE = YES;
				IPHONEOS_DEPLOYMENT_TARGET = 13.7;
				MTL_ENABLE_DEBUG_INFO = INCLUDE_SOURCE;
				MTL_FAST_MATH = YES;
				ONLY_ACTIVE_ARCH = YES;
				SDKROOT = iphoneos;
				SWIFT_ACTIVE_COMPILATION_CONDITIONS = DEBUG;
				SWIFT_OPTIMIZATION_LEVEL = "-Onone";
			};
			name = Debug;
		};
		2730231E250C7C41008EEAF8 /* Release */ = {
			isa = XCBuildConfiguration;
			buildSettings = {
				ALWAYS_SEARCH_USER_PATHS = NO;
				CLANG_ANALYZER_NONNULL = YES;
				CLANG_ANALYZER_NUMBER_OBJECT_CONVERSION = YES_AGGRESSIVE;
				CLANG_CXX_LANGUAGE_STANDARD = "gnu++14";
				CLANG_CXX_LIBRARY = "libc++";
				CLANG_ENABLE_MODULES = YES;
				CLANG_ENABLE_OBJC_ARC = YES;
				CLANG_ENABLE_OBJC_WEAK = YES;
				CLANG_WARN_BLOCK_CAPTURE_AUTORELEASING = YES;
				CLANG_WARN_BOOL_CONVERSION = YES;
				CLANG_WARN_COMMA = YES;
				CLANG_WARN_CONSTANT_CONVERSION = YES;
				CLANG_WARN_DEPRECATED_OBJC_IMPLEMENTATIONS = YES;
				CLANG_WARN_DIRECT_OBJC_ISA_USAGE = YES_ERROR;
				CLANG_WARN_DOCUMENTATION_COMMENTS = YES;
				CLANG_WARN_EMPTY_BODY = YES;
				CLANG_WARN_ENUM_CONVERSION = YES;
				CLANG_WARN_INFINITE_RECURSION = YES;
				CLANG_WARN_INT_CONVERSION = YES;
				CLANG_WARN_NON_LITERAL_NULL_CONVERSION = YES;
				CLANG_WARN_OBJC_IMPLICIT_RETAIN_SELF = YES;
				CLANG_WARN_OBJC_LITERAL_CONVERSION = YES;
				CLANG_WARN_OBJC_ROOT_CLASS = YES_ERROR;
				CLANG_WARN_RANGE_LOOP_ANALYSIS = YES;
				CLANG_WARN_STRICT_PROTOTYPES = YES;
				CLANG_WARN_SUSPICIOUS_MOVE = YES;
				CLANG_WARN_UNGUARDED_AVAILABILITY = YES_AGGRESSIVE;
				CLANG_WARN_UNREACHABLE_CODE = YES;
				CLANG_WARN__DUPLICATE_METHOD_MATCH = YES;
				COPY_PHASE_STRIP = NO;
				DEBUG_INFORMATION_FORMAT = "dwarf-with-dsym";
				ENABLE_NS_ASSERTIONS = NO;
				ENABLE_STRICT_OBJC_MSGSEND = YES;
				GCC_C_LANGUAGE_STANDARD = gnu11;
				GCC_NO_COMMON_BLOCKS = YES;
				GCC_WARN_64_TO_32_BIT_CONVERSION = YES;
				GCC_WARN_ABOUT_RETURN_TYPE = YES_ERROR;
				GCC_WARN_UNDECLARED_SELECTOR = YES;
				GCC_WARN_UNINITIALIZED_AUTOS = YES_AGGRESSIVE;
				GCC_WARN_UNUSED_FUNCTION = YES;
				GCC_WARN_UNUSED_VARIABLE = YES;
				IPHONEOS_DEPLOYMENT_TARGET = 13.7;
				MTL_ENABLE_DEBUG_INFO = NO;
				MTL_FAST_MATH = YES;
				SDKROOT = iphoneos;
				SWIFT_COMPILATION_MODE = wholemodule;
				SWIFT_OPTIMIZATION_LEVEL = "-O";
				VALIDATE_PRODUCT = YES;
			};
			name = Release;
		};
		27302320250C7C41008EEAF8 /* Debug */ = {
			isa = XCBuildConfiguration;
			buildSettings = {
				ASSETCATALOG_COMPILER_APPICON_NAME = AppIcon;
				CODE_SIGN_STYLE = Automatic;
				INFOPLIST_FILE = "CM Project 2020/Info.plist";
				LD_RUNPATH_SEARCH_PATHS = (
					"$(inherited)",
					"@executable_path/Frameworks",
				);
				PRODUCT_BUNDLE_IDENTIFIER = "Jappy.CM-Project-2020";
				PRODUCT_NAME = "$(TARGET_NAME)";
				SWIFT_VERSION = 5.0;
				TARGETED_DEVICE_FAMILY = "1,2";
			};
			name = Debug;
		};
		27302321250C7C41008EEAF8 /* Release */ = {
			isa = XCBuildConfiguration;
			buildSettings = {
				ASSETCATALOG_COMPILER_APPICON_NAME = AppIcon;
				CODE_SIGN_STYLE = Automatic;
				INFOPLIST_FILE = "CM Project 2020/Info.plist";
				LD_RUNPATH_SEARCH_PATHS = (
					"$(inherited)",
					"@executable_path/Frameworks",
				);
				PRODUCT_BUNDLE_IDENTIFIER = "Jappy.CM-Project-2020";
				PRODUCT_NAME = "$(TARGET_NAME)";
				SWIFT_VERSION = 5.0;
				TARGETED_DEVICE_FAMILY = "1,2";
			};
			name = Release;
		};
/* End XCBuildConfiguration section */

/* Begin XCConfigurationList section */
		27302306250C7C3D008EEAF8 /* Build configuration list for PBXProject "CM Project 2020" */ = {
			isa = XCConfigurationList;
			buildConfigurations = (
				2730231D250C7C41008EEAF8 /* Debug */,
				2730231E250C7C41008EEAF8 /* Release */,
			);
			defaultConfigurationIsVisible = 0;
			defaultConfigurationName = Release;
		};
		2730231F250C7C41008EEAF8 /* Build configuration list for PBXNativeTarget "CM Project 2020" */ = {
			isa = XCConfigurationList;
			buildConfigurations = (
				27302320250C7C41008EEAF8 /* Debug */,
				27302321250C7C41008EEAF8 /* Release */,
			);
			defaultConfigurationIsVisible = 0;
			defaultConfigurationName = Release;
		};
/* End XCConfigurationList section */
	};
	rootObject = 27302303250C7C3D008EEAF8 /* Project object */;
}
